
Microsoft Visual Studio Solution File, Format Version 11.00
# Visual Studio 2010
Project("{8BC9CEB8-8B4A-11D0-8D11-00A0C91BC942}") = "prealloc", "prealloc\prealloc.vcxproj", "{BEEE897F-0E6C-4327-8907-EA9C43F7BBC9}"
EndProject
Global
	GlobalSection(SolutionConfigurationPlatforms) = preSolution
		Debug|Win32 = Debug|Win32
		Release|Win32 = Release|Win32
	EndGlobalSection
	GlobalSection(ProjectConfigurationPlatforms) = postSolution
		{BEEE897F-0E6C-4327-8907-EA9C43F7BBC9}.Debug|Win32.ActiveCfg = Debug|Win32
		{BEEE897F-0E6C-4327-8907-EA9C43F7BBC9}.Debug|Win32.Build.0 = Debug|Win32
		{BEEE897F-0E6C-4327-8907-EA9C43F7BBC9}.Release|Win32.ActiveCfg = Release|Win32
		{BEEE897F-0E6C-4327-8907-EA9C43F7BBC9}.Release|Win32.Build.0 = Release|Win32
	EndGlobalSection
	GlobalSection(SolutionProperties) = preSolution
		HideSolutionNode = FALSE
	EndGlobalSection
EndGlobal
